PODS:
  - Capacitor (2.4.6):
    - CapacitorCordova
  - CapacitorCordova (2.4.6)
  - TwilioVideo (4.3.0)

DEPENDENCIES:
  - "Capacitor (from `../node_modules/@capacitor/ios`)"
  - "CapacitorCordova (from `../node_modules/@capacitor/ios`)"
  - TwilioVideo (~> 4.3)

SPEC REPOS:
  trunk:
    - TwilioVideo

EXTERNAL SOURCES:
  Capacitor:
    :path: "../node_modules/@capacitor/ios"
  CapacitorCordova:
    :path: "../node_modules/@capacitor/ios"

SPEC CHECKSUMS:
  Capacitor: 0f131577d41c082931f00cc080e2289d503465c8
  CapacitorCordova: 3375b39b5ebca770ac7869f85e4dea32a642c9e0
  TwilioVideo: 1ece3d954245b02244ea613408f6a4413ff54987

PODFILE CHECKSUM: 85abf1f92378dab3a52b26e62f4927c1a0d3d563

COCOAPODS: 1.9.3
